Microsoft Visual Studio Solution File, Format Version 12.00
# Visual Studio Version 17
VisualStudioVersion = 17.5.2.0
MinimumVisualStudioVersion = 10.0.40219.1
Project("{FAE04EC0-301F-11D3-BF4B-00C04F79EFBC}") = "WigetPerf", "WigetPerf\WigetPerf.csproj", "{66C95D8F-7F75-EE48-3068-37BF2DE14331}"
EndProject
Global
	GlobalSection(SolutionConfigurationPlatforms) = preSolution
		Debug|Any CPU = Debug|Any CPU
		Release|Any CPU = Release|Any CPU
	EndGlobalSection
	GlobalSection(ProjectConfigurationPlatforms) = postSolution
		{66C95D8F-7F75-EE48-3068-37BF2DE14331}.Debug|Any CPU.ActiveCfg = Debug|Any CPU
		{66C95D8F-7F75-EE48-3068-37BF2DE14331}.Debug|Any CPU.Build.0 = Debug|Any CPU
		{66C95D8F-7F75-EE48-3068-37BF2DE14331}.Release|Any CPU.ActiveCfg = Release|Any CPU
		{66C95D8F-7F75-EE48-3068-37BF2DE14331}.Release|Any CPU.Build.0 = Release|Any CPU
	EndGlobalSection
	GlobalSection(SolutionProperties) = preSolution
		HideSolutionNode = FALSE
	EndGlobalSection
	GlobalSection(ExtensibilityGlobals) = postSolution
		SolutionGuid = {64A10E71-D254-4867-94FF-E3B92DD8A102}
	EndGlobalSection
EndGlobal
